{
  "name": "study",
  "version": "1.0.0",
  "lockfileVersion": 1,
  "requires": true,
  "dependencies": {
    "dayjs": {
      "version": "1.9.4",
      "resolved": "https://registry.npmjs.org/dayjs/-/dayjs-1.9.4.tgz",
      "integrity": "sha512-ABSF3alrldf7nM9sQ2U+Ln67NRwmzlLOqG7kK03kck0mw3wlSSEKv/XhKGGxUjQcS57QeiCyNdrFgtj9nWlrng=="
    }
  }
}
